
Microsoft Visual Studio Solution File, Format Version 12.00
# Visual Studio Version 16
VisualStudioVersion = 16.0.30011.22
MinimumVisualStudioVersion = 10.0.40219.1
Project("{9A19103F-16F7-4668-BE54-9A1E7A4F7556}") = "Reminder.Storage", "Reminder.Storage\Reminder.Storage.csproj", "{6EE073B7-1F2E-4AEC-B0DF-0B6D3FF4A0F9}"
EndProject
Project("{9A19103F-16F7-4668-BE54-9A1E7A4F7556}") = "Reminder.Storoge.Memory", "Reminder.Storoge.Memory\Reminder.Storoge.Memory.csproj", "{777406B4-ABEA-482A-8502-BA10E2AFA4A1}"
EndProject
Project("{9A19103F-16F7-4668-BE54-9A1E7A4F7556}") = "Reminder.Storage.Memory.Tests", "Reminder.Storage.Memory.Tests\Reminder.Storage.Memory.Tests.csproj", "{CD4A12AA-946F-41C7-9DE8-6634711E3D71}"
EndProject
Project("{2150E333-8FDC-42A3-9474-1A3956D46DE8}") = "Tests", "Tests", "{76ED38CF-B478-4455-BD7A-9D035E7D09E8}"
EndProject
Project("{2150E333-8FDC-42A3-9474-1A3956D46DE8}") = "MainLogicProject", "MainLogicProject", "{92A04FDB-9610-4F69-AC13-2B33CBF3C554}"
EndProject
Project("{9A19103F-16F7-4668-BE54-9A1E7A4F7556}") = "Reminder.Domain", "Reminder.Domain\Reminder.Domain.csproj", "{665ECECA-C447-420B-88F0-4E9883F220CA}"
EndProject
Project("{9A19103F-16F7-4668-BE54-9A1E7A4F7556}") = "Reminder.Storage.WebApi", "Reminder.Storage.WebApi\Reminder.Storage.WebApi.csproj", "{B2D669BF-B294-40CA-90B6-8445ADD6793D}"
EndProject
Project("{2150E333-8FDC-42A3-9474-1A3956D46DE8}") = "Storage", "Storage", "{BD10DDB5-EF3A-439B-879B-398E2C96E553}"
EndProject
Project("{FAE04EC0-301F-11D3-BF4B-00C04F79EFBC}") = "Reminder.Sender", "Reminder.Sender\Reminder.Sender.csproj", "{C8855091-9B80-4A60-BBD1-84DB38474529}"
EndProject
Project("{2150E333-8FDC-42A3-9474-1A3956D46DE8}") = "TelegramReceiverAndSender", "TelegramReceiverAndSender", "{56594033-187B-448A-A283-32FA14B3003A}"
EndProject
Project("{FAE04EC0-301F-11D3-BF4B-00C04F79EFBC}") = "Reminder.Receiver.Telegram", "Reminder.Receiver.Telegram\Reminder.Receiver.Telegram.csproj", "{9C652A29-43DC-4536-9435-AC3BB8C68A20}"
EndProject
Project("{FAE04EC0-301F-11D3-BF4B-00C04F79EFBC}") = "Reminder.Receiver", "Reminder.Receiver\Reminder.Receiver.csproj", "{A7D8E354-FA36-4066-B3DB-6EA3E177BE65}"
EndProject
Project("{9A19103F-16F7-4668-BE54-9A1E7A4F7556}") = "Reminder.WevApi.Tests", "Reminder.WevApi.Tests\Reminder.WevApi.Tests.csproj", "{81D8734C-FDD6-482D-A313-FD057AA8F2F0}"
EndProject
Project("{9A19103F-16F7-4668-BE54-9A1E7A4F7556}") = "Reminder.WebApi", "Reminder.WebApi\Reminder.WebApi.csproj", "{C02CA931-505D-48FA-BF94-9788476A4DE6}"
EndProject
Project("{FAE04EC0-301F-11D3-BF4B-00C04F79EFBC}") = "Reminder.Sender.Telegram", "Reminder.Sender.Telegram\Reminder.Sender.Telegram.csproj", "{9C36F4CA-E108-4790-B939-DC0ACF055612}"
EndProject
Project("{FAE04EC0-301F-11D3-BF4B-00C04F79EFBC}") = "Reminder", "Reminder\Reminder.csproj", "{87241285-B172-4E18-95D2-DE19B6F43ACD}"
EndProject
Project("{2150E333-8FDC-42A3-9474-1A3956D46DE8}") = "MainReminder", "MainReminder", "{7809AFD8-3EF9-4128-9F2B-8C98CCD5DD5F}"
EndProject
Global
	GlobalSection(SolutionConfigurationPlatforms) = preSolution
		Debug|Any CPU = Debug|Any CPU
		Release|Any CPU = Release|Any CPU
	EndGlobalSection
	GlobalSection(ProjectConfigurationPlatforms) = postSolution
		{6EE073B7-1F2E-4AEC-B0DF-0B6D3FF4A0F9}.Debug|Any CPU.ActiveCfg = Debug|Any CPU
		{6EE073B7-1F2E-4AEC-B0DF-0B6D3FF4A0F9}.Debug|Any CPU.Build.0 = Debug|Any CPU
		{6EE073B7-1F2E-4AEC-B0DF-0B6D3FF4A0F9}.Release|Any CPU.ActiveCfg = Release|Any CPU
		{6EE073B7-1F2E-4AEC-B0DF-0B6D3FF4A0F9}.Release|Any CPU.Build.0 = Release|Any CPU
		{777406B4-ABEA-482A-8502-BA10E2AFA4A1}.Debug|Any CPU.ActiveCfg = Debug|Any CPU
		{777406B4-ABEA-482A-8502-BA10E2AFA4A1}.Debug|Any CPU.Build.0 = Debug|Any CPU
		{777406B4-ABEA-482A-8502-BA10E2AFA4A1}.Release|Any CPU.ActiveCfg = Release|Any CPU
		{777406B4-ABEA-482A-8502-BA10E2AFA4A1}.Release|Any CPU.Build.0 = Release|Any CPU
		{CD4A12AA-946F-41C7-9DE8-6634711E3D71}.Debug|Any CPU.ActiveCfg = Debug|Any CPU
		{CD4A12AA-946F-41C7-9DE8-6634711E3D71}.Debug|Any CPU.Build.0 = Debug|Any CPU
		{CD4A12AA-946F-41C7-9DE8-6634711E3D71}.Release|Any CPU.ActiveCfg = Release|Any CPU
		{CD4A12AA-946F-41C7-9DE8-6634711E3D71}.Release|Any CPU.Build.0 = Release|Any CPU
		{665ECECA-C447-420B-88F0-4E9883F220CA}.Debug|Any CPU.ActiveCfg = Debug|Any CPU
		{665ECECA-C447-420B-88F0-4E9883F220CA}.Debug|Any CPU.Build.0 = Debug|Any CPU
		{665ECECA-C447-420B-88F0-4E9883F220CA}.Release|Any CPU.ActiveCfg = Release|Any CPU
		{665ECECA-C447-420B-88F0-4E9883F220CA}.Release|Any CPU.Build.0 = Release|Any CPU
		{B2D669BF-B294-40CA-90B6-8445ADD6793D}.Debug|Any CPU.ActiveCfg = Debug|Any CPU
		{B2D669BF-B294-40CA-90B6-8445ADD6793D}.Debug|Any CPU.Build.0 = Debug|Any CPU
		{B2D669BF-B294-40CA-90B6-8445ADD6793D}.Release|Any CPU.ActiveCfg = Release|Any CPU
		{B2D669BF-B294-40CA-90B6-8445ADD6793D}.Release|Any CPU.Build.0 = Release|Any CPU
		{C8855091-9B80-4A60-BBD1-84DB38474529}.Debug|Any CPU.ActiveCfg = Debug|Any CPU
		{C8855091-9B80-4A60-BBD1-84DB38474529}.Debug|Any CPU.Build.0 = Debug|Any CPU
		{C8855091-9B80-4A60-BBD1-84DB38474529}.Release|Any CPU.ActiveCfg = Release|Any CPU
		{C8855091-9B80-4A60-BBD1-84DB38474529}.Release|Any CPU.Build.0 = Release|Any CPU
		{9C652A29-43DC-4536-9435-AC3BB8C68A20}.Debug|Any CPU.ActiveCfg = Debug|Any CPU
		{9C652A29-43DC-4536-9435-AC3BB8C68A20}.Debug|Any CPU.Build.0 = Debug|Any CPU
		{9C652A29-43DC-4536-9435-AC3BB8C68A20}.Release|Any CPU.ActiveCfg = Release|Any CPU
		{9C652A29-43DC-4536-9435-AC3BB8C68A20}.Release|Any CPU.Build.0 = Release|Any CPU
		{A7D8E354-FA36-4066-B3DB-6EA3E177BE65}.Debug|Any CPU.ActiveCfg = Debug|Any CPU
		{A7D8E354-FA36-4066-B3DB-6EA3E177BE65}.Debug|Any CPU.Build.0 = Debug|Any CPU
		{A7D8E354-FA36-4066-B3DB-6EA3E177BE65}.Release|Any CPU.ActiveCfg = Release|Any CPU
		{A7D8E354-FA36-4066-B3DB-6EA3E177BE65}.Release|Any CPU.Build.0 = Release|Any CPU
		{81D8734C-FDD6-482D-A313-FD057AA8F2F0}.Debug|Any CPU.ActiveCfg = Debug|Any CPU
		{81D8734C-FDD6-482D-A313-FD057AA8F2F0}.Debug|Any CPU.Build.0 = Debug|Any CPU
		{81D8734C-FDD6-482D-A313-FD057AA8F2F0}.Release|Any CPU.ActiveCfg = Release|Any CPU
		{81D8734C-FDD6-482D-A313-FD057AA8F2F0}.Release|Any CPU.Build.0 = Release|Any CPU
		{C02CA931-505D-48FA-BF94-9788476A4DE6}.Debug|Any CPU.ActiveCfg = Debug|Any CPU
		{C02CA931-505D-48FA-BF94-9788476A4DE6}.Debug|Any CPU.Build.0 = Debug|Any CPU
		{C02CA931-505D-48FA-BF94-9788476A4DE6}.Release|Any CPU.ActiveCfg = Release|Any CPU
		{C02CA931-505D-48FA-BF94-9788476A4DE6}.Release|Any CPU.Build.0 = Release|Any CPU
		{9C36F4CA-E108-4790-B939-DC0ACF055612}.Debug|Any CPU.ActiveCfg = Debug|Any CPU
		{9C36F4CA-E108-4790-B939-DC0ACF055612}.Debug|Any CPU.Build.0 = Debug|Any CPU
		{9C36F4CA-E108-4790-B939-DC0ACF055612}.Release|Any CPU.ActiveCfg = Release|Any CPU
		{9C36F4CA-E108-4790-B939-DC0ACF055612}.Release|Any CPU.Build.0 = Release|Any CPU
		{87241285-B172-4E18-95D2-DE19B6F43ACD}.Debug|Any CPU.ActiveCfg = Debug|Any CPU
		{87241285-B172-4E18-95D2-DE19B6F43ACD}.Debug|Any CPU.Build.0 = Debug|Any CPU
		{87241285-B172-4E18-95D2-DE19B6F43ACD}.Release|Any CPU.ActiveCfg = Release|Any CPU
		{87241285-B172-4E18-95D2-DE19B6F43ACD}.Release|Any CPU.Build.0 = Release|Any CPU
	EndGlobalSection
	GlobalSection(SolutionProperties) = preSolution
		HideSolutionNode = FALSE
	EndGlobalSection
	GlobalSection(NestedProjects) = preSolution
		{6EE073B7-1F2E-4AEC-B0DF-0B6D3FF4A0F9} = {BD10DDB5-EF3A-439B-879B-398E2C96E553}
		{777406B4-ABEA-482A-8502-BA10E2AFA4A1} = {BD10DDB5-EF3A-439B-879B-398E2C96E553}
		{CD4A12AA-946F-41C7-9DE8-6634711E3D71} = {76ED38CF-B478-4455-BD7A-9D035E7D09E8}
		{76ED38CF-B478-4455-BD7A-9D035E7D09E8} = {92A04FDB-9610-4F69-AC13-2B33CBF3C554}
		{665ECECA-C447-420B-88F0-4E9883F220CA} = {92A04FDB-9610-4F69-AC13-2B33CBF3C554}
		{B2D669BF-B294-40CA-90B6-8445ADD6793D} = {BD10DDB5-EF3A-439B-879B-398E2C96E553}
		{BD10DDB5-EF3A-439B-879B-398E2C96E553} = {92A04FDB-9610-4F69-AC13-2B33CBF3C554}
		{C8855091-9B80-4A60-BBD1-84DB38474529} = {92A04FDB-9610-4F69-AC13-2B33CBF3C554}
		{56594033-187B-448A-A283-32FA14B3003A} = {92A04FDB-9610-4F69-AC13-2B33CBF3C554}
		{9C652A29-43DC-4536-9435-AC3BB8C68A20} = {56594033-187B-448A-A283-32FA14B3003A}
		{A7D8E354-FA36-4066-B3DB-6EA3E177BE65} = {92A04FDB-9610-4F69-AC13-2B33CBF3C554}
		{81D8734C-FDD6-482D-A313-FD057AA8F2F0} = {76ED38CF-B478-4455-BD7A-9D035E7D09E8}
		{C02CA931-505D-48FA-BF94-9788476A4DE6} = {92A04FDB-9610-4F69-AC13-2B33CBF3C554}
		{9C36F4CA-E108-4790-B939-DC0ACF055612} = {56594033-187B-448A-A283-32FA14B3003A}
		{87241285-B172-4E18-95D2-DE19B6F43ACD} = {7809AFD8-3EF9-4128-9F2B-8C98CCD5DD5F}
		{7809AFD8-3EF9-4128-9F2B-8C98CCD5DD5F} = {92A04FDB-9610-4F69-AC13-2B33CBF3C554}
	EndGlobalSection
	GlobalSection(ExtensibilityGlobals) = postSolution
		SolutionGuid = {016DE93C-90C8-45B7-87E0-ECF4DAAD2978}
	EndGlobalSection
EndGlobal
