
Microsoft Visual Studio Solution File, Format Version 12.00
# Visual Studio Version 16
VisualStudioVersion = 16.0.30011.22
MinimumVisualStudioVersion = 10.0.40219.1
Project("{FAE04EC0-301F-11D3-BF4B-00C04F79EFBC}") = "Reminder.Storage", "Reminder.Storage\Reminder.Storage.csproj", "{6EE073B7-1F2E-4AEC-B0DF-0B6D3FF4A0F9}"
EndProject
Project("{FAE04EC0-301F-11D3-BF4B-00C04F79EFBC}") = "Reminder.Storoge.Memory", "Reminder.Storoge.Memory\Reminder.Storoge.Memory.csproj", "{777406B4-ABEA-482A-8502-BA10E2AFA4A1}"
EndProject
Project("{FAE04EC0-301F-11D3-BF4B-00C04F79EFBC}") = "Reminder.Storage.Memory.Tests", "Reminder.Storage.Memory.Tests\Reminder.Storage.Memory.Tests.csproj", "{CD4A12AA-946F-41C7-9DE8-6634711E3D71}"
EndProject
Global
	GlobalSection(SolutionConfigurationPlatforms) = preSolution
		Debug|Any CPU = Debug|Any CPU
		Release|Any CPU = Release|Any CPU
	EndGlobalSection
	GlobalSection(ProjectConfigurationPlatforms) = postSolution
		{6EE073B7-1F2E-4AEC-B0DF-0B6D3FF4A0F9}.Debug|Any CPU.ActiveCfg = Debug|Any CPU
		{6EE073B7-1F2E-4AEC-B0DF-0B6D3FF4A0F9}.Debug|Any CPU.Build.0 = Debug|Any CPU
		{6EE073B7-1F2E-4AEC-B0DF-0B6D3FF4A0F9}.Release|Any CPU.ActiveCfg = Release|Any CPU
		{6EE073B7-1F2E-4AEC-B0DF-0B6D3FF4A0F9}.Release|Any CPU.Build.0 = Release|Any CPU
		{777406B4-ABEA-482A-8502-BA10E2AFA4A1}.Debug|Any CPU.ActiveCfg = Debug|Any CPU
		{777406B4-ABEA-482A-8502-BA10E2AFA4A1}.Debug|Any CPU.Build.0 = Debug|Any CPU
		{777406B4-ABEA-482A-8502-BA10E2AFA4A1}.Release|Any CPU.ActiveCfg = Release|Any CPU
		{777406B4-ABEA-482A-8502-BA10E2AFA4A1}.Release|Any CPU.Build.0 = Release|Any CPU
		{CD4A12AA-946F-41C7-9DE8-6634711E3D71}.Debug|Any CPU.ActiveCfg = Debug|Any CPU
		{CD4A12AA-946F-41C7-9DE8-6634711E3D71}.Debug|Any CPU.Build.0 = Debug|Any CPU
		{CD4A12AA-946F-41C7-9DE8-6634711E3D71}.Release|Any CPU.ActiveCfg = Release|Any CPU
		{CD4A12AA-946F-41C7-9DE8-6634711E3D71}.Release|Any CPU.Build.0 = Release|Any CPU
	EndGlobalSection
	GlobalSection(SolutionProperties) = preSolution
		HideSolutionNode = FALSE
	EndGlobalSection
	GlobalSection(ExtensibilityGlobals) = postSolution
		SolutionGuid = {016DE93C-90C8-45B7-87E0-ECF4DAAD2978}
	EndGlobalSection
EndGlobal
